
Microsoft Visual Studio Solution File, Format Version 11.00
# Visual Studio 2010
Project("{FAE04EC0-301F-11D3-BF4B-00C04F79EFBC}") = "Unity.XR.OpenXR", "Unity.XR.OpenXR.csproj", "{e711f0ff-0556-5ccc-dfb4-15c772f17df6}"
EndProject
Project("{FAE04EC0-301F-11D3-BF4B-00C04F79EFBC}") = "Unity.Timeline", "Unity.Timeline.csproj", "{4fedfbf0-1004-de2c-6902-489604a576b9}"
EndProject
Project("{FAE04EC0-301F-11D3-BF4B-00C04F79EFBC}") = "Unity.Timeline.Editor", "Unity.Timeline.Editor.csproj", "{a630656c-4f72-6732-5f5a-8a755046d4cf}"
EndProject
Project("{FAE04EC0-301F-11D3-BF4B-00C04F79EFBC}") = "Unity.InputSystem", "Unity.InputSystem.csproj", "{3022ccfc-4209-667d-8b8e-585bbbcf1a7f}"
EndProject
Project("{FAE04EC0-301F-11D3-BF4B-00C04F79EFBC}") = "Unity.TextMeshPro.Editor", "Unity.TextMeshPro.Editor.csproj", "{3ceacd12-f34a-3295-f614-6805edf49e32}"
EndProject
Project("{FAE04EC0-301F-11D3-BF4B-00C04F79EFBC}") = "Unity.XR.Management", "Unity.XR.Management.csproj", "{db257242-b882-37af-9f55-4de48782f2ab}"
EndProject
Project("{FAE04EC0-301F-11D3-BF4B-00C04F79EFBC}") = "Unity.XR.ARFoundation.Editor", "Unity.XR.ARFoundation.Editor.csproj", "{1e6b0946-6f10-74af-b737-5f21467fd539}"
EndProject
Project("{FAE04EC0-301F-11D3-BF4B-00C04F79EFBC}") = "Unity.VisualScripting.Flow", "Unity.VisualScripting.Flow.csproj", "{3b5ae3a6-0f34-71ae-c4ab-1f5c6eafb170}"
EndProject
Project("{FAE04EC0-301F-11D3-BF4B-00C04F79EFBC}") = "Unity.XR.Interaction.Toolkit", "Unity.XR.Interaction.Toolkit.csproj", "{753efe37-9f28-7c4f-9b31-66963e29072c}"
EndProject
Project("{FAE04EC0-301F-11D3-BF4B-00C04F79EFBC}") = "Unity.XR.CoreUtils.Editor", "Unity.XR.CoreUtils.Editor.csproj", "{443caa71-6410-820f-38dd-f23f58591ee3}"
EndProject
Project("{FAE04EC0-301F-11D3-BF4B-00C04F79EFBC}") = "Unity.XR.Interaction.Toolkit.Editor", "Unity.XR.Interaction.Toolkit.Editor.csproj", "{115730d2-213d-e290-f974-c30f3697197f}"
EndProject
Project("{FAE04EC0-301F-11D3-BF4B-00C04F79EFBC}") = "Unity.PlasticSCM.Editor", "Unity.PlasticSCM.Editor.csproj", "{5bcb6cd2-75ff-4215-6018-cb48a2885098}"
EndProject
Project("{FAE04EC0-301F-11D3-BF4B-00C04F79EFBC}") = "Unity.VisualScripting.Core", "Unity.VisualScripting.Core.csproj", "{61653e0a-102b-96c8-b532-66278181684a}"
EndProject
Project("{FAE04EC0-301F-11D3-BF4B-00C04F79EFBC}") = "Unity.XR.ARCore", "Unity.XR.ARCore.csproj", "{96843159-9e0c-ac2b-0368-333a9d579ca7}"
EndProject
Project("{FAE04EC0-301F-11D3-BF4B-00C04F79EFBC}") = "Unity.Mathematics", "Unity.Mathematics.csproj", "{1db3f785-6564-b2b1-858e-b73b06e24493}"
EndProject
Project("{FAE04EC0-301F-11D3-BF4B-00C04F79EFBC}") = "Unity.VisualScripting.Core.Editor", "Unity.VisualScripting.Core.Editor.csproj", "{d2d282bb-c07d-53fe-2dd5-71731a334b2e}"
EndProject
Project("{FAE04EC0-301F-11D3-BF4B-00C04F79EFBC}") = "Unity.VisualScripting.Flow.Editor", "Unity.VisualScripting.Flow.Editor.csproj", "{1cef163c-3ea5-1996-163a-7b25555b74c5}"
EndProject
Project("{FAE04EC0-301F-11D3-BF4B-00C04F79EFBC}") = "UnityEditor.TestRunner", "UnityEditor.TestRunner.csproj", "{b2c3e39d-3e11-5677-5446-9dc08f952049}"
EndProject
Project("{FAE04EC0-301F-11D3-BF4B-00C04F79EFBC}") = "Unity.XR.ARSubsystems", "Unity.XR.ARSubsystems.csproj", "{6f6de3f8-fe3c-3abe-9b47-763ab68ac9dc}"
EndProject
Project("{FAE04EC0-301F-11D3-BF4B-00C04F79EFBC}") = "Unity.VisualScripting.SettingsProvider.Editor", "Unity.VisualScripting.SettingsProvider.Editor.csproj", "{30820b1b-5003-e657-450f-e5bd99370339}"
EndProject
Project("{FAE04EC0-301F-11D3-BF4B-00C04F79EFBC}") = "Unity.XR.ARFoundation", "Unity.XR.ARFoundation.csproj", "{c0a1fbc5-0d32-eca1-51f5-f7e93b36070a}"
EndProject
Project("{FAE04EC0-301F-11D3-BF4B-00C04F79EFBC}") = "UnityEngine.TestRunner", "UnityEngine.TestRunner.csproj", "{eb328b9b-c0e8-4898-b604-f0524e6bbfb6}"
EndProject
Project("{FAE04EC0-301F-11D3-BF4B-00C04F79EFBC}") = "Unity.XR.CoreUtils", "Unity.XR.CoreUtils.csproj", "{eb008d37-d3ee-911c-722b-5c9f78aff397}"
EndProject
Project("{FAE04EC0-301F-11D3-BF4B-00C04F79EFBC}") = "Unity.XR.Oculus", "Unity.XR.Oculus.csproj", "{4ec6d30e-e346-55db-933c-3afadfd3bcfa}"
EndProject
Project("{FAE04EC0-301F-11D3-BF4B-00C04F79EFBC}") = "Unity.XR.Management.Editor", "Unity.XR.Management.Editor.csproj", "{a790587d-7d21-a873-039a-19a98364cfd6}"
EndProject
Project("{FAE04EC0-301F-11D3-BF4B-00C04F79EFBC}") = "Unity.AI.Navigation.Editor", "Unity.AI.Navigation.Editor.csproj", "{3debc4b7-91b0-6c7e-4d4b-fb99678002c5}"
EndProject
Project("{FAE04EC0-301F-11D3-BF4B-00C04F79EFBC}") = "Unity.VisualStudio.Editor", "Unity.VisualStudio.Editor.csproj", "{15b748cb-ae24-3518-fe4f-e87c67d79e19}"
EndProject
Project("{FAE04EC0-301F-11D3-BF4B-00C04F79EFBC}") = "Unity.XR.Oculus.Editor", "Unity.XR.Oculus.Editor.csproj", "{77dd6b64-a9f6-58d3-1137-c72b337a9276}"
EndProject
Project("{FAE04EC0-301F-11D3-BF4B-00C04F79EFBC}") = "Unity.XR.Simulation", "Unity.XR.Simulation.csproj", "{c628db0f-5708-345a-6abb-1398e3d4e795}"
EndProject
Project("{FAE04EC0-301F-11D3-BF4B-00C04F79EFBC}") = "Unity.XR.Hands", "Unity.XR.Hands.csproj", "{b88cec14-657c-9201-b3d6-35f22a95dbe5}"
EndProject
Project("{FAE04EC0-301F-11D3-BF4B-00C04F79EFBC}") = "Unity.TestTools.CodeCoverage.Editor.OpenCover.Model", "Unity.TestTools.CodeCoverage.Editor.OpenCover.Model.csproj", "{9996630f-223f-9a73-1a44-129a60a3fb31}"
EndProject
Project("{FAE04EC0-301F-11D3-BF4B-00C04F79EFBC}") = "Unity.XR.Simulation.Editor", "Unity.XR.Simulation.Editor.csproj", "{a19e6340-5dc1-f663-f7d2-e542934dfab0}"
EndProject
Project("{FAE04EC0-301F-11D3-BF4B-00C04F79EFBC}") = "Unity.Rider.Editor", "Unity.Rider.Editor.csproj", "{9ef71538-6638-f4d1-c42e-029d74a55eff}"
EndProject
Project("{FAE04EC0-301F-11D3-BF4B-00C04F79EFBC}") = "Unity.AI.Navigation", "Unity.AI.Navigation.csproj", "{c3752637-710c-d436-4814-e11474049bb5}"
EndProject
Project("{FAE04EC0-301F-11D3-BF4B-00C04F79EFBC}") = "Unity.AI.Navigation.Editor.ConversionSystem", "Unity.AI.Navigation.Editor.ConversionSystem.csproj", "{0f6ddace-dc87-b862-2ff9-33823a550119}"
EndProject
Project("{FAE04EC0-301F-11D3-BF4B-00C04F79EFBC}") = "Unity.XR.OpenXR.Editor", "Unity.XR.OpenXR.Editor.csproj", "{a736125e-a324-1c8e-278d-97766c4197b1}"
EndProject
Project("{FAE04EC0-301F-11D3-BF4B-00C04F79EFBC}") = "Unity.VisualScripting.State.Editor", "Unity.VisualScripting.State.Editor.csproj", "{948f6a3e-5cf5-0c7c-e328-1fc58f723118}"
EndProject
Project("{FAE04EC0-301F-11D3-BF4B-00C04F79EFBC}") = "UnityEditor.XR.LegacyInputHelpers", "UnityEditor.XR.LegacyInputHelpers.csproj", "{96783b00-088f-ac64-fbdf-0c645bf7049a}"
EndProject
Project("{FAE04EC0-301F-11D3-BF4B-00C04F79EFBC}") = "Unity.TestTools.CodeCoverage.Editor", "Unity.TestTools.CodeCoverage.Editor.csproj", "{896a5561-ddf3-8370-2390-abd9da07fe66}"
EndProject
Project("{FAE04EC0-301F-11D3-BF4B-00C04F79EFBC}") = "Unity.VisualScripting.State", "Unity.VisualScripting.State.csproj", "{4d7784a5-3253-2c4a-af90-652a0baddb82}"
EndProject
Project("{FAE04EC0-301F-11D3-BF4B-00C04F79EFBC}") = "Unity.TextMeshPro", "Unity.TextMeshPro.csproj", "{919f0491-0611-4389-5472-43c34e5e580e}"
EndProject
Project("{FAE04EC0-301F-11D3-BF4B-00C04F79EFBC}") = "Unity.Performance.Profile-Analyzer.Editor", "Unity.Performance.Profile-Analyzer.Editor.csproj", "{7d252bba-0918-45bb-18c7-5ec6285d491e}"
EndProject
Project("{FAE04EC0-301F-11D3-BF4B-00C04F79EFBC}") = "Assembly-CSharp", "Assembly-CSharp.csproj", "{d73e49a1-9c40-5fd8-7a63-d342b51d513a}"
EndProject
Project("{FAE04EC0-301F-11D3-BF4B-00C04F79EFBC}") = "Unity.XR.ARSubsystems.Editor", "Unity.XR.ARSubsystems.Editor.csproj", "{5f39daa1-2456-f668-3504-27682e5b4020}"
EndProject
Project("{FAE04EC0-301F-11D3-BF4B-00C04F79EFBC}") = "Unity.XR.OpenXR.Features.MockRuntime", "Unity.XR.OpenXR.Features.MockRuntime.csproj", "{eb6d21eb-595b-3842-2ea9-898b4613bc77}"
EndProject
Project("{FAE04EC0-301F-11D3-BF4B-00C04F79EFBC}") = "Unity.XR.Interaction.Toolkit.Samples.Hands", "Unity.XR.Interaction.Toolkit.Samples.Hands.csproj", "{ca816925-71fa-62d3-231c-43ad7ca0fef6}"
EndProject
Project("{FAE04EC0-301F-11D3-BF4B-00C04F79EFBC}") = "Unity.VSCode.Editor", "Unity.VSCode.Editor.csproj", "{e923cd58-2b5a-9ea7-146c-af45a1e29dd0}"
EndProject
Project("{FAE04EC0-301F-11D3-BF4B-00C04F79EFBC}") = "Unity.TestTools.CodeCoverage.Editor.OpenCover.Mono.Reflection", "Unity.TestTools.CodeCoverage.Editor.OpenCover.Mono.Reflection.csproj", "{29273576-f43e-8b64-f794-9b4336ff1856}"
EndProject
Project("{FAE04EC0-301F-11D3-BF4B-00C04F79EFBC}") = "Unity.AI.Navigation.Updater", "Unity.AI.Navigation.Updater.csproj", "{27708e1c-0d0a-5ed0-d5a3-00149e206a5e}"
EndProject
Project("{FAE04EC0-301F-11D3-BF4B-00C04F79EFBC}") = "UnityEditor.SpatialTracking", "UnityEditor.SpatialTracking.csproj", "{09035dcd-1b35-2567-40f6-536d05d06307}"
EndProject
Project("{FAE04EC0-301F-11D3-BF4B-00C04F79EFBC}") = "Unity.XR.ARCore.Editor", "Unity.XR.ARCore.Editor.csproj", "{83fa50cc-41e6-61ef-2a28-15e71abe6c05}"
EndProject
Project("{FAE04EC0-301F-11D3-BF4B-00C04F79EFBC}") = "Unity.Settings.Editor", "Unity.Settings.Editor.csproj", "{ff4389dd-02bc-f7ee-c14f-98764a5ee955}"
EndProject
Project("{FAE04EC0-301F-11D3-BF4B-00C04F79EFBC}") = "Unity.XR.ARAnalytics.Editor", "Unity.XR.ARAnalytics.Editor.csproj", "{7539cdcb-fd4a-ad07-62f5-83ebabc4a76b}"
EndProject
Project("{FAE04EC0-301F-11D3-BF4B-00C04F79EFBC}") = "Unity.XR.Hands.Samples.VisualizerSample", "Unity.XR.Hands.Samples.VisualizerSample.csproj", "{c97b9fe7-ee04-1f6d-be71-5e68f7b51d63}"
EndProject
Project("{FAE04EC0-301F-11D3-BF4B-00C04F79EFBC}") = "Unity.XR.OpenXR.Features.RuntimeDebugger", "Unity.XR.OpenXR.Features.RuntimeDebugger.csproj", "{c042340b-a9dd-e36d-0236-2a0db9292feb}"
EndProject
Project("{FAE04EC0-301F-11D3-BF4B-00C04F79EFBC}") = "UnityEngine.SpatialTracking", "UnityEngine.SpatialTracking.csproj", "{c843cd15-85aa-acdf-b445-ada71f2aa917}"
EndProject
Project("{FAE04EC0-301F-11D3-BF4B-00C04F79EFBC}") = "Unity.XR.OpenXR.Features.MetaQuestSupport", "Unity.XR.OpenXR.Features.MetaQuestSupport.csproj", "{d92d010b-9919-5479-e72b-7376fe78b90f}"
EndProject
Project("{FAE04EC0-301F-11D3-BF4B-00C04F79EFBC}") = "Unity.InputSystem.ForUI", "Unity.InputSystem.ForUI.csproj", "{783e57a6-6835-3ad6-3f72-2e34b4fc8091}"
EndProject
Project("{FAE04EC0-301F-11D3-BF4B-00C04F79EFBC}") = "Unity.EditorCoroutines.Editor", "Unity.EditorCoroutines.Editor.csproj", "{e57430a8-f333-4eb3-0892-62444f001ea2}"
EndProject
Project("{FAE04EC0-301F-11D3-BF4B-00C04F79EFBC}") = "Unity.XR.Interaction.Toolkit.Samples.StarterAssets", "Unity.XR.Interaction.Toolkit.Samples.StarterAssets.csproj", "{8026627e-64e8-9ceb-8753-6bad42cf6219}"
EndProject
Project("{FAE04EC0-301F-11D3-BF4B-00C04F79EFBC}") = "Unity.Mathematics.Editor", "Unity.Mathematics.Editor.csproj", "{46ad4ad7-a6d9-e6af-45cc-ac22f00518c9}"
EndProject
Project("{FAE04EC0-301F-11D3-BF4B-00C04F79EFBC}") = "Unity.XR.Hands.Editor", "Unity.XR.Hands.Editor.csproj", "{69905a9f-22b4-dd25-2693-6f981dd77b4c}"
EndProject
Project("{FAE04EC0-301F-11D3-BF4B-00C04F79EFBC}") = "Unity.InputSystem.TestFramework", "Unity.InputSystem.TestFramework.csproj", "{2e4e6f84-02d8-1af5-27d5-b50d1b522d40}"
EndProject
Project("{FAE04EC0-301F-11D3-BF4B-00C04F79EFBC}") = "Unity.XR.OpenXR.Features.MetaQuestSupport.Editor", "Unity.XR.OpenXR.Features.MetaQuestSupport.Editor.csproj", "{2bace31e-a92b-f7f9-256a-284d921d9b93}"
EndProject
Project("{FAE04EC0-301F-11D3-BF4B-00C04F79EFBC}") = "UnityEngine.XR.LegacyInputHelpers", "UnityEngine.XR.LegacyInputHelpers.csproj", "{9b4cacfb-1860-7715-d827-e82d4218dfc1}"
EndProject
Project("{FAE04EC0-301F-11D3-BF4B-00C04F79EFBC}") = "Unity.XR.OpenXR.Features.OculusQuestSupport.Editor", "Unity.XR.OpenXR.Features.OculusQuestSupport.Editor.csproj", "{94747fb0-6847-14c4-b39c-f4504412190d}"
EndProject
Project("{FAE04EC0-301F-11D3-BF4B-00C04F79EFBC}") = "Unity.XR.OpenXR.Features.RuntimeDebugger.Editor", "Unity.XR.OpenXR.Features.RuntimeDebugger.Editor.csproj", "{f09933aa-259e-b080-0fef-bf79a3217867}"
EndProject
Project("{FAE04EC0-301F-11D3-BF4B-00C04F79EFBC}") = "Unity.VisualScripting.Shared.Editor", "Unity.VisualScripting.Shared.Editor.csproj", "{2c18fbeb-36c9-ab61-928c-a06fbcde0d1e}"
EndProject
Project("{FAE04EC0-301F-11D3-BF4B-00C04F79EFBC}") = "Unity.XR.Interaction.Toolkit.Samples.Hands.Editor", "Unity.XR.Interaction.Toolkit.Samples.Hands.Editor.csproj", "{15973fc3-8b71-c05b-5e68-cb07afac2663}"
EndProject
Project("{FAE04EC0-301F-11D3-BF4B-00C04F79EFBC}") = "Unity.XR.OpenXR.Features.ConformanceAutomation", "Unity.XR.OpenXR.Features.ConformanceAutomation.csproj", "{2647875b-e074-b4bf-9507-fb5033d908a0}"
EndProject
Project("{FAE04EC0-301F-11D3-BF4B-00C04F79EFBC}") = "Unity.CollabProxy.Editor", "Unity.CollabProxy.Editor.csproj", "{b16b87ab-e16b-41fb-6334-76b6d3de6f4b}"
EndProject
Project("{FAE04EC0-301F-11D3-BF4B-00C04F79EFBC}") = "Unity.XR.ARFoundation.InternalUtils", "Unity.XR.ARFoundation.InternalUtils.csproj", "{15891b09-3e75-9d01-4e2d-6cf02562ae41}"
EndProject
Project("{FAE04EC0-301F-11D3-BF4B-00C04F79EFBC}") = "Unity.XR.OpenXR.Features.OculusQuestSupport", "Unity.XR.OpenXR.Features.OculusQuestSupport.csproj", "{0838e07d-a0d2-a688-18e4-270edf169acb}"
EndProject
Global
	GlobalSection(SolutionConfigurationPlatforms) = preSolution
		Debug|Any CPU = Debug|Any CPU
	EndGlobalSection
	GlobalSection(ProjectConfigurationPlatforms) = postSolution
		{e711f0ff-0556-5ccc-dfb4-15c772f17df6}.Debug|Any CPU.ActiveCfg = Debug|Any CPU
		{e711f0ff-0556-5ccc-dfb4-15c772f17df6}.Debug|Any CPU.Build.0 = Debug|Any CPU
		{4fedfbf0-1004-de2c-6902-489604a576b9}.Debug|Any CPU.ActiveCfg = Debug|Any CPU
		{4fedfbf0-1004-de2c-6902-489604a576b9}.Debug|Any CPU.Build.0 = Debug|Any CPU
		{a630656c-4f72-6732-5f5a-8a755046d4cf}.Debug|Any CPU.ActiveCfg = Debug|Any CPU
		{a630656c-4f72-6732-5f5a-8a755046d4cf}.Debug|Any CPU.Build.0 = Debug|Any CPU
		{3022ccfc-4209-667d-8b8e-585bbbcf1a7f}.Debug|Any CPU.ActiveCfg = Debug|Any CPU
		{3022ccfc-4209-667d-8b8e-585bbbcf1a7f}.Debug|Any CPU.Build.0 = Debug|Any CPU
		{3ceacd12-f34a-3295-f614-6805edf49e32}.Debug|Any CPU.ActiveCfg = Debug|Any CPU
		{3ceacd12-f34a-3295-f614-6805edf49e32}.Debug|Any CPU.Build.0 = Debug|Any CPU
		{db257242-b882-37af-9f55-4de48782f2ab}.Debug|Any CPU.ActiveCfg = Debug|Any CPU
		{db257242-b882-37af-9f55-4de48782f2ab}.Debug|Any CPU.Build.0 = Debug|Any CPU
		{1e6b0946-6f10-74af-b737-5f21467fd539}.Debug|Any CPU.ActiveCfg = Debug|Any CPU
		{1e6b0946-6f10-74af-b737-5f21467fd539}.Debug|Any CPU.Build.0 = Debug|Any CPU
		{3b5ae3a6-0f34-71ae-c4ab-1f5c6eafb170}.Debug|Any CPU.ActiveCfg = Debug|Any CPU
		{3b5ae3a6-0f34-71ae-c4ab-1f5c6eafb170}.Debug|Any CPU.Build.0 = Debug|Any CPU
		{753efe37-9f28-7c4f-9b31-66963e29072c}.Debug|Any CPU.ActiveCfg = Debug|Any CPU
		{753efe37-9f28-7c4f-9b31-66963e29072c}.Debug|Any CPU.Build.0 = Debug|Any CPU
		{443caa71-6410-820f-38dd-f23f58591ee3}.Debug|Any CPU.ActiveCfg = Debug|Any CPU
		{443caa71-6410-820f-38dd-f23f58591ee3}.Debug|Any CPU.Build.0 = Debug|Any CPU
		{115730d2-213d-e290-f974-c30f3697197f}.Debug|Any CPU.ActiveCfg = Debug|Any CPU
		{115730d2-213d-e290-f974-c30f3697197f}.Debug|Any CPU.Build.0 = Debug|Any CPU
		{5bcb6cd2-75ff-4215-6018-cb48a2885098}.Debug|Any CPU.ActiveCfg = Debug|Any CPU
		{5bcb6cd2-75ff-4215-6018-cb48a2885098}.Debug|Any CPU.Build.0 = Debug|Any CPU
		{61653e0a-102b-96c8-b532-66278181684a}.Debug|Any CPU.ActiveCfg = Debug|Any CPU
		{61653e0a-102b-96c8-b532-66278181684a}.Debug|Any CPU.Build.0 = Debug|Any CPU
		{96843159-9e0c-ac2b-0368-333a9d579ca7}.Debug|Any CPU.ActiveCfg = Debug|Any CPU
		{96843159-9e0c-ac2b-0368-333a9d579ca7}.Debug|Any CPU.Build.0 = Debug|Any CPU
		{1db3f785-6564-b2b1-858e-b73b06e24493}.Debug|Any CPU.ActiveCfg = Debug|Any CPU
		{1db3f785-6564-b2b1-858e-b73b06e24493}.Debug|Any CPU.Build.0 = Debug|Any CPU
		{d2d282bb-c07d-53fe-2dd5-71731a334b2e}.Debug|Any CPU.ActiveCfg = Debug|Any CPU
		{d2d282bb-c07d-53fe-2dd5-71731a334b2e}.Debug|Any CPU.Build.0 = Debug|Any CPU
		{1cef163c-3ea5-1996-163a-7b25555b74c5}.Debug|Any CPU.ActiveCfg = Debug|Any CPU
		{1cef163c-3ea5-1996-163a-7b25555b74c5}.Debug|Any CPU.Build.0 = Debug|Any CPU
		{b2c3e39d-3e11-5677-5446-9dc08f952049}.Debug|Any CPU.ActiveCfg = Debug|Any CPU
		{b2c3e39d-3e11-5677-5446-9dc08f952049}.Debug|Any CPU.Build.0 = Debug|Any CPU
		{6f6de3f8-fe3c-3abe-9b47-763ab68ac9dc}.Debug|Any CPU.ActiveCfg = Debug|Any CPU
		{6f6de3f8-fe3c-3abe-9b47-763ab68ac9dc}.Debug|Any CPU.Build.0 = Debug|Any CPU
		{30820b1b-5003-e657-450f-e5bd99370339}.Debug|Any CPU.ActiveCfg = Debug|Any CPU
		{30820b1b-5003-e657-450f-e5bd99370339}.Debug|Any CPU.Build.0 = Debug|Any CPU
		{c0a1fbc5-0d32-eca1-51f5-f7e93b36070a}.Debug|Any CPU.ActiveCfg = Debug|Any CPU
		{c0a1fbc5-0d32-eca1-51f5-f7e93b36070a}.Debug|Any CPU.Build.0 = Debug|Any CPU
		{eb328b9b-c0e8-4898-b604-f0524e6bbfb6}.Debug|Any CPU.ActiveCfg = Debug|Any CPU
		{eb328b9b-c0e8-4898-b604-f0524e6bbfb6}.Debug|Any CPU.Build.0 = Debug|Any CPU
		{eb008d37-d3ee-911c-722b-5c9f78aff397}.Debug|Any CPU.ActiveCfg = Debug|Any CPU
		{eb008d37-d3ee-911c-722b-5c9f78aff397}.Debug|Any CPU.Build.0 = Debug|Any CPU
		{4ec6d30e-e346-55db-933c-3afadfd3bcfa}.Debug|Any CPU.ActiveCfg = Debug|Any CPU
		{4ec6d30e-e346-55db-933c-3afadfd3bcfa}.Debug|Any CPU.Build.0 = Debug|Any CPU
		{a790587d-7d21-a873-039a-19a98364cfd6}.Debug|Any CPU.ActiveCfg = Debug|Any CPU
		{a790587d-7d21-a873-039a-19a98364cfd6}.Debug|Any CPU.Build.0 = Debug|Any CPU
		{3debc4b7-91b0-6c7e-4d4b-fb99678002c5}.Debug|Any CPU.ActiveCfg = Debug|Any CPU
		{3debc4b7-91b0-6c7e-4d4b-fb99678002c5}.Debug|Any CPU.Build.0 = Debug|Any CPU
		{15b748cb-ae24-3518-fe4f-e87c67d79e19}.Debug|Any CPU.ActiveCfg = Debug|Any CPU
		{15b748cb-ae24-3518-fe4f-e87c67d79e19}.Debug|Any CPU.Build.0 = Debug|Any CPU
		{77dd6b64-a9f6-58d3-1137-c72b337a9276}.Debug|Any CPU.ActiveCfg = Debug|Any CPU
		{77dd6b64-a9f6-58d3-1137-c72b337a9276}.Debug|Any CPU.Build.0 = Debug|Any CPU
		{c628db0f-5708-345a-6abb-1398e3d4e795}.Debug|Any CPU.ActiveCfg = Debug|Any CPU
		{c628db0f-5708-345a-6abb-1398e3d4e795}.Debug|Any CPU.Build.0 = Debug|Any CPU
		{b88cec14-657c-9201-b3d6-35f22a95dbe5}.Debug|Any CPU.ActiveCfg = Debug|Any CPU
		{b88cec14-657c-9201-b3d6-35f22a95dbe5}.Debug|Any CPU.Build.0 = Debug|Any CPU
		{9996630f-223f-9a73-1a44-129a60a3fb31}.Debug|Any CPU.ActiveCfg = Debug|Any CPU
		{9996630f-223f-9a73-1a44-129a60a3fb31}.Debug|Any CPU.Build.0 = Debug|Any CPU
		{a19e6340-5dc1-f663-f7d2-e542934dfab0}.Debug|Any CPU.ActiveCfg = Debug|Any CPU
		{a19e6340-5dc1-f663-f7d2-e542934dfab0}.Debug|Any CPU.Build.0 = Debug|Any CPU
		{9ef71538-6638-f4d1-c42e-029d74a55eff}.Debug|Any CPU.ActiveCfg = Debug|Any CPU
		{9ef71538-6638-f4d1-c42e-029d74a55eff}.Debug|Any CPU.Build.0 = Debug|Any CPU
		{c3752637-710c-d436-4814-e11474049bb5}.Debug|Any CPU.ActiveCfg = Debug|Any CPU
		{c3752637-710c-d436-4814-e11474049bb5}.Debug|Any CPU.Build.0 = Debug|Any CPU
		{0f6ddace-dc87-b862-2ff9-33823a550119}.Debug|Any CPU.ActiveCfg = Debug|Any CPU
		{0f6ddace-dc87-b862-2ff9-33823a550119}.Debug|Any CPU.Build.0 = Debug|Any CPU
		{a736125e-a324-1c8e-278d-97766c4197b1}.Debug|Any CPU.ActiveCfg = Debug|Any CPU
		{a736125e-a324-1c8e-278d-97766c4197b1}.Debug|Any CPU.Build.0 = Debug|Any CPU
		{948f6a3e-5cf5-0c7c-e328-1fc58f723118}.Debug|Any CPU.ActiveCfg = Debug|Any CPU
		{948f6a3e-5cf5-0c7c-e328-1fc58f723118}.Debug|Any CPU.Build.0 = Debug|Any CPU
		{96783b00-088f-ac64-fbdf-0c645bf7049a}.Debug|Any CPU.ActiveCfg = Debug|Any CPU
		{96783b00-088f-ac64-fbdf-0c645bf7049a}.Debug|Any CPU.Build.0 = Debug|Any CPU
		{896a5561-ddf3-8370-2390-abd9da07fe66}.Debug|Any CPU.ActiveCfg = Debug|Any CPU
		{896a5561-ddf3-8370-2390-abd9da07fe66}.Debug|Any CPU.Build.0 = Debug|Any CPU
		{4d7784a5-3253-2c4a-af90-652a0baddb82}.Debug|Any CPU.ActiveCfg = Debug|Any CPU
		{4d7784a5-3253-2c4a-af90-652a0baddb82}.Debug|Any CPU.Build.0 = Debug|Any CPU
		{919f0491-0611-4389-5472-43c34e5e580e}.Debug|Any CPU.ActiveCfg = Debug|Any CPU
		{919f0491-0611-4389-5472-43c34e5e580e}.Debug|Any CPU.Build.0 = Debug|Any CPU
		{7d252bba-0918-45bb-18c7-5ec6285d491e}.Debug|Any CPU.ActiveCfg = Debug|Any CPU
		{7d252bba-0918-45bb-18c7-5ec6285d491e}.Debug|Any CPU.Build.0 = Debug|Any CPU
		{d73e49a1-9c40-5fd8-7a63-d342b51d513a}.Debug|Any CPU.ActiveCfg = Debug|Any CPU
		{d73e49a1-9c40-5fd8-7a63-d342b51d513a}.Debug|Any CPU.Build.0 = Debug|Any CPU
		{5f39daa1-2456-f668-3504-27682e5b4020}.Debug|Any CPU.ActiveCfg = Debug|Any CPU
		{5f39daa1-2456-f668-3504-27682e5b4020}.Debug|Any CPU.Build.0 = Debug|Any CPU
		{eb6d21eb-595b-3842-2ea9-898b4613bc77}.Debug|Any CPU.ActiveCfg = Debug|Any CPU
		{eb6d21eb-595b-3842-2ea9-898b4613bc77}.Debug|Any CPU.Build.0 = Debug|Any CPU
		{ca816925-71fa-62d3-231c-43ad7ca0fef6}.Debug|Any CPU.ActiveCfg = Debug|Any CPU
		{ca816925-71fa-62d3-231c-43ad7ca0fef6}.Debug|Any CPU.Build.0 = Debug|Any CPU
		{e923cd58-2b5a-9ea7-146c-af45a1e29dd0}.Debug|Any CPU.ActiveCfg = Debug|Any CPU
		{e923cd58-2b5a-9ea7-146c-af45a1e29dd0}.Debug|Any CPU.Build.0 = Debug|Any CPU
		{29273576-f43e-8b64-f794-9b4336ff1856}.Debug|Any CPU.ActiveCfg = Debug|Any CPU
		{29273576-f43e-8b64-f794-9b4336ff1856}.Debug|Any CPU.Build.0 = Debug|Any CPU
		{27708e1c-0d0a-5ed0-d5a3-00149e206a5e}.Debug|Any CPU.ActiveCfg = Debug|Any CPU
		{27708e1c-0d0a-5ed0-d5a3-00149e206a5e}.Debug|Any CPU.Build.0 = Debug|Any CPU
		{09035dcd-1b35-2567-40f6-536d05d06307}.Debug|Any CPU.ActiveCfg = Debug|Any CPU
		{09035dcd-1b35-2567-40f6-536d05d06307}.Debug|Any CPU.Build.0 = Debug|Any CPU
		{83fa50cc-41e6-61ef-2a28-15e71abe6c05}.Debug|Any CPU.ActiveCfg = Debug|Any CPU
		{83fa50cc-41e6-61ef-2a28-15e71abe6c05}.Debug|Any CPU.Build.0 = Debug|Any CPU
		{ff4389dd-02bc-f7ee-c14f-98764a5ee955}.Debug|Any CPU.ActiveCfg = Debug|Any CPU
		{ff4389dd-02bc-f7ee-c14f-98764a5ee955}.Debug|Any CPU.Build.0 = Debug|Any CPU
		{7539cdcb-fd4a-ad07-62f5-83ebabc4a76b}.Debug|Any CPU.ActiveCfg = Debug|Any CPU
		{7539cdcb-fd4a-ad07-62f5-83ebabc4a76b}.Debug|Any CPU.Build.0 = Debug|Any CPU
		{c97b9fe7-ee04-1f6d-be71-5e68f7b51d63}.Debug|Any CPU.ActiveCfg = Debug|Any CPU
		{c97b9fe7-ee04-1f6d-be71-5e68f7b51d63}.Debug|Any CPU.Build.0 = Debug|Any CPU
		{c042340b-a9dd-e36d-0236-2a0db9292feb}.Debug|Any CPU.ActiveCfg = Debug|Any CPU
		{c042340b-a9dd-e36d-0236-2a0db9292feb}.Debug|Any CPU.Build.0 = Debug|Any CPU
		{c843cd15-85aa-acdf-b445-ada71f2aa917}.Debug|Any CPU.ActiveCfg = Debug|Any CPU
		{c843cd15-85aa-acdf-b445-ada71f2aa917}.Debug|Any CPU.Build.0 = Debug|Any CPU
		{d92d010b-9919-5479-e72b-7376fe78b90f}.Debug|Any CPU.ActiveCfg = Debug|Any CPU
		{d92d010b-9919-5479-e72b-7376fe78b90f}.Debug|Any CPU.Build.0 = Debug|Any CPU
		{783e57a6-6835-3ad6-3f72-2e34b4fc8091}.Debug|Any CPU.ActiveCfg = Debug|Any CPU
		{783e57a6-6835-3ad6-3f72-2e34b4fc8091}.Debug|Any CPU.Build.0 = Debug|Any CPU
		{e57430a8-f333-4eb3-0892-62444f001ea2}.Debug|Any CPU.ActiveCfg = Debug|Any CPU
		{e57430a8-f333-4eb3-0892-62444f001ea2}.Debug|Any CPU.Build.0 = Debug|Any CPU
		{8026627e-64e8-9ceb-8753-6bad42cf6219}.Debug|Any CPU.ActiveCfg = Debug|Any CPU
		{8026627e-64e8-9ceb-8753-6bad42cf6219}.Debug|Any CPU.Build.0 = Debug|Any CPU
		{46ad4ad7-a6d9-e6af-45cc-ac22f00518c9}.Debug|Any CPU.ActiveCfg = Debug|Any CPU
		{46ad4ad7-a6d9-e6af-45cc-ac22f00518c9}.Debug|Any CPU.Build.0 = Debug|Any CPU
		{69905a9f-22b4-dd25-2693-6f981dd77b4c}.Debug|Any CPU.ActiveCfg = Debug|Any CPU
		{69905a9f-22b4-dd25-2693-6f981dd77b4c}.Debug|Any CPU.Build.0 = Debug|Any CPU
		{2e4e6f84-02d8-1af5-27d5-b50d1b522d40}.Debug|Any CPU.ActiveCfg = Debug|Any CPU
		{2e4e6f84-02d8-1af5-27d5-b50d1b522d40}.Debug|Any CPU.Build.0 = Debug|Any CPU
		{2bace31e-a92b-f7f9-256a-284d921d9b93}.Debug|Any CPU.ActiveCfg = Debug|Any CPU
		{2bace31e-a92b-f7f9-256a-284d921d9b93}.Debug|Any CPU.Build.0 = Debug|Any CPU
		{9b4cacfb-1860-7715-d827-e82d4218dfc1}.Debug|Any CPU.ActiveCfg = Debug|Any CPU
		{9b4cacfb-1860-7715-d827-e82d4218dfc1}.Debug|Any CPU.Build.0 = Debug|Any CPU
		{94747fb0-6847-14c4-b39c-f4504412190d}.Debug|Any CPU.ActiveCfg = Debug|Any CPU
		{94747fb0-6847-14c4-b39c-f4504412190d}.Debug|Any CPU.Build.0 = Debug|Any CPU
		{f09933aa-259e-b080-0fef-bf79a3217867}.Debug|Any CPU.ActiveCfg = Debug|Any CPU
		{f09933aa-259e-b080-0fef-bf79a3217867}.Debug|Any CPU.Build.0 = Debug|Any CPU
		{2c18fbeb-36c9-ab61-928c-a06fbcde0d1e}.Debug|Any CPU.ActiveCfg = Debug|Any CPU
		{2c18fbeb-36c9-ab61-928c-a06fbcde0d1e}.Debug|Any CPU.Build.0 = Debug|Any CPU
		{15973fc3-8b71-c05b-5e68-cb07afac2663}.Debug|Any CPU.ActiveCfg = Debug|Any CPU
		{15973fc3-8b71-c05b-5e68-cb07afac2663}.Debug|Any CPU.Build.0 = Debug|Any CPU
		{2647875b-e074-b4bf-9507-fb5033d908a0}.Debug|Any CPU.ActiveCfg = Debug|Any CPU
		{2647875b-e074-b4bf-9507-fb5033d908a0}.Debug|Any CPU.Build.0 = Debug|Any CPU
		{b16b87ab-e16b-41fb-6334-76b6d3de6f4b}.Debug|Any CPU.ActiveCfg = Debug|Any CPU
		{b16b87ab-e16b-41fb-6334-76b6d3de6f4b}.Debug|Any CPU.Build.0 = Debug|Any CPU
		{15891b09-3e75-9d01-4e2d-6cf02562ae41}.Debug|Any CPU.ActiveCfg = Debug|Any CPU
		{15891b09-3e75-9d01-4e2d-6cf02562ae41}.Debug|Any CPU.Build.0 = Debug|Any CPU
		{0838e07d-a0d2-a688-18e4-270edf169acb}.Debug|Any CPU.ActiveCfg = Debug|Any CPU
		{0838e07d-a0d2-a688-18e4-270edf169acb}.Debug|Any CPU.Build.0 = Debug|Any CPU
	EndGlobalSection
	GlobalSection(SolutionProperties) = preSolution
		HideSolutionNode = FALSE
	EndGlobalSection
EndGlobal
